
Microsoft Visual Studio Solution File, Format Version 12.00
# Visual Studio Version 17
VisualStudioVersion = 17.0.31903.59
MinimumVisualStudioVersion = 10.0.40219.1
Project("{2150E333-8FDC-42A3-9474-1A3956D46DE8}") = "tests", "tests", "{2148A5BF-30D5-460A-BE18-C19426C87428}"
EndProject
Project("{2150E333-8FDC-42A3-9474-1A3956D46DE8}") = "src", "src", "{BB29ADA9-37FE-434B-BF05-2E195E7C83A2}"
EndProject
Project("{FAE04EC0-301F-11D3-BF4B-00C04F79EFBC}") = "AStar.Dev.Logging.Extensions", "src\AStar.Dev.Logging.Extensions\AStar.Dev.Logging.Extensions.csproj", "{9F2D808F-D24F-4031-9C2D-7744B32E15FC}"
EndProject
Project("{FAE04EC0-301F-11D3-BF4B-00C04F79EFBC}") = "AStar.Dev.Logging.Extensions.Tests.Unit", "tests\AStar.Dev.Logging.Extensions.Tests.Unit\AStar.Dev.Logging.Extensions.Tests.Unit.csproj", "{B6EE17A9-0491-466B-8240-A304617A9DB3}"
EndProject
Project("{2150E333-8FDC-42A3-9474-1A3956D46DE8}") = ".github", ".github", "{D3039A93-8371-42A2-814F-2E09B74E8FBF}"
	ProjectSection(SolutionItems) = preProject
		.github\dependabot.yml = .github\dependabot.yml
	EndProjectSection
EndProject
Project("{2150E333-8FDC-42A3-9474-1A3956D46DE8}") = "workflows", "workflows", "{A62713CB-F1A7-446C-875B-74F964FC52F4}"
	ProjectSection(SolutionItems) = preProject
		.github\workflows\dotnet.yml = .github\workflows\dotnet.yml
	EndProjectSection
EndProject
Global
	GlobalSection(SolutionConfigurationPlatforms) = preSolution
		Debug|Any CPU = Debug|Any CPU
		Release|Any CPU = Release|Any CPU
	EndGlobalSection
	GlobalSection(SolutionProperties) = preSolution
		HideSolutionNode = FALSE
	EndGlobalSection
	GlobalSection(ProjectConfigurationPlatforms) = postSolution
		{9F2D808F-D24F-4031-9C2D-7744B32E15FC}.Debug|Any CPU.ActiveCfg = Debug|Any CPU
		{9F2D808F-D24F-4031-9C2D-7744B32E15FC}.Debug|Any CPU.Build.0 = Debug|Any CPU
		{9F2D808F-D24F-4031-9C2D-7744B32E15FC}.Release|Any CPU.ActiveCfg = Release|Any CPU
		{9F2D808F-D24F-4031-9C2D-7744B32E15FC}.Release|Any CPU.Build.0 = Release|Any CPU
		{B6EE17A9-0491-466B-8240-A304617A9DB3}.Debug|Any CPU.ActiveCfg = Debug|Any CPU
		{B6EE17A9-0491-466B-8240-A304617A9DB3}.Debug|Any CPU.Build.0 = Debug|Any CPU
		{B6EE17A9-0491-466B-8240-A304617A9DB3}.Release|Any CPU.ActiveCfg = Release|Any CPU
		{B6EE17A9-0491-466B-8240-A304617A9DB3}.Release|Any CPU.Build.0 = Release|Any CPU
	EndGlobalSection
	GlobalSection(NestedProjects) = preSolution
		{9F2D808F-D24F-4031-9C2D-7744B32E15FC} = {BB29ADA9-37FE-434B-BF05-2E195E7C83A2}
		{B6EE17A9-0491-466B-8240-A304617A9DB3} = {2148A5BF-30D5-460A-BE18-C19426C87428}
		{A62713CB-F1A7-446C-875B-74F964FC52F4} = {D3039A93-8371-42A2-814F-2E09B74E8FBF}
	EndGlobalSection
EndGlobal
